
Microsoft Visual Studio Solution File, Format Version 12.00
# Visual Studio Version 17
VisualStudioVersion = 17.1.32328.378
MinimumVisualStudioVersion = 10.0.40219.1
Project("{FAE04EC0-301F-11D3-BF4B-00C04F79EFBC}") = "Exes_20210140129_klmpok4", "Exes_20210140129_klmpok4\Exes_20210140129_klmpok4.csproj", "{74C6A3B6-F33A-4CE7-A217-5A3895F441E1}"
EndProject
Global
	GlobalSection(SolutionConfigurationPlatforms) = preSolution
		Debug|Any CPU = Debug|Any CPU
		Release|Any CPU = Release|Any CPU
	EndGlobalSection
	GlobalSection(ProjectConfigurationPlatforms) = postSolution
		{74C6A3B6-F33A-4CE7-A217-5A3895F441E1}.Debug|Any CPU.ActiveCfg = Debug|Any CPU
		{74C6A3B6-F33A-4CE7-A217-5A3895F441E1}.Debug|Any CPU.Build.0 = Debug|Any CPU
		{74C6A3B6-F33A-4CE7-A217-5A3895F441E1}.Release|Any CPU.ActiveCfg = Release|Any CPU
		{74C6A3B6-F33A-4CE7-A217-5A3895F441E1}.Release|Any CPU.Build.0 = Release|Any CPU
	EndGlobalSection
	GlobalSection(SolutionProperties) = preSolution
		HideSolutionNode = FALSE
	EndGlobalSection
	GlobalSection(ExtensibilityGlobals) = postSolution
		SolutionGuid = {72F4DBB1-8889-4ADF-935E-CB0C6DB79584}
	EndGlobalSection
EndGlobal
